// !$*UTF8*$!
{
	archiveVersion = 1;
	classes = {
	};
	objectVersion = 56;
	objects = {

/* Begin PBXBuildFile section */
		6BEB0B7D2C1CAC9800772F92 /* Ward_Card_GameApp.swift in Sources */ = {isa = PBXBuildFile; fileRef = 6BEB0B7C2C1CAC9800772F92 /* Ward_Card_GameApp.swift */; };
		6BEB0B7F2C1CAC9800772F92 /* ContentView.swift in Sources */ = {isa = PBXBuildFile; fileRef = 6BEB0B7E2C1CAC9800772F92 /* ContentView.swift */; };
		6BEB0B812C1CAC9800772F92 /* Assets.xcassets in Resources */ = {isa = PBXBuildFile; fileRef = 6BEB0B802C1CAC9800772F92 /* Assets.xcassets */; };
		6BEB0B842C1CAC9800772F92 /* Preview Assets.xcassets in Resources */ = {isa = PBXBuildFile; fileRef = 6BEB0B832C1CAC9800772F92 /* Preview Assets.xcassets */; };
		6BEB0B8E2C1CAC9900772F92 /* Ward_Card_GameTests.swift in Sources */ = {isa = PBXBuildFile; fileRef = 6BEB0B8D2C1CAC9900772F92 /* Ward_Card_GameTests.swift */; };
		6BEB0B982C1CAC9900772F92 /* Ward_Card_GameUITests.swift in Sources */ = {isa = PBXBuildFile; fileRef = 6BEB0B972C1CAC9900772F92 /* Ward_Card_GameUITests.swift */; };
		6BEB0B9A2C1CAC9900772F92 /* Ward_Card_GameUITestsLaunchTests.swift in Sources */ = {isa = PBXBuildFile; fileRef = 6BEB0B992C1CAC9900772F92 /* Ward_Card_GameUITestsLaunchTests.swift */; };
/* End PBXBuildFile section */

/* Begin PBXContainerItemProxy section */
		6BEB0B8A2C1CAC9900772F92 /* PBXContainerItemProxy */ = {
			isa = PBXContainerItemProxy;
			containerPortal = 6BEB0B712C1CAC9800772F92 /* Project object */;
			proxyType = 1;
			remoteGlobalIDString = 6BEB0B782C1CAC9800772F92;
			remoteInfo = "Ward Card Game";
		};
		6BEB0B942C1CAC9900772F92 /* PBXContainerItemProxy */ = {
			isa = PBXContainerItemProxy;
			containerPortal = 6BEB0B712C1CAC9800772F92 /* Project object */;
			proxyType = 1;
			remoteGlobalIDString = 6BEB0B782C1CAC9800772F92;
			remoteInfo = "Ward Card Game";
		};
/* End PBXContainerItemProxy section */

/* Begin PBXFileReference section */
		6BEB0B792C1CAC9800772F92 /* Ward Card Game.app */ = {isa = PBXFileReference; explicitFileType = wrapper.application; includeInIndex = 0; path = "Ward Card Game.app"; sourceTree = BUILT_PRODUCTS_DIR; };
		6BEB0B7C2C1CAC9800772F92 /* Ward_Card_GameApp.swift */ = {isa = PBXFileReference; lastKnownFileType = sourcecode.swift; path = Ward_Card_GameApp.swift; sourceTree = "<group>"; };
		6BEB0B7E2C1CAC9800772F92 /* ContentView.swift */ = {isa = PBXFileReference; lastKnownFileType = sourcecode.swift; path = ContentView.swift; sourceTree = "<group>"; };
		6BEB0B802C1CAC9800772F92 /* Assets.xcassets */ = {isa = PBXFileReference; lastKnownFileType = folder.assetcatalog; path = Assets.xcassets; sourceTree = "<group>"; };
		6BEB0B832C1CAC9800772F92 /* Preview Assets.xcassets */ = {isa = PBXFileReference; lastKnownFileType = folder.assetcatalog; path = "Preview Assets.xcassets"; sourceTree = "<group>"; };
		6BEB0B892C1CAC9900772F92 /* Ward Card GameTests.xctest */ = {isa = PBXFileReference; explicitFileType = wrapper.cfbundle; includeInIndex = 0; path = "Ward Card GameTests.xctest"; sourceTree = BUILT_PRODUCTS_DIR; };
		6BEB0B8D2C1CAC9900772F92 /* Ward_Card_GameTests.swift */ = {isa = PBXFileReference; lastKnownFileType = sourcecode.swift; path = Ward_Card_GameTests.swift; sourceTree = "<group>"; };
		6BEB0B932C1CAC9900772F92 /* Ward Card GameUITests.xctest */ = {isa = PBXFileReference; explicitFileType = wrapper.cfbundle; includeInIndex = 0; path = "Ward Card GameUITests.xctest"; sourceTree = BUILT_PRODUCTS_DIR; };
		6BEB0B972C1CAC9900772F92 /* Ward_Card_GameUITests.swift */ = {isa = PBXFileReference; lastKnownFileType = sourcecode.swift; path = Ward_Card_GameUITests.swift; sourceTree = "<group>"; };
		6BEB0B992C1CAC9900772F92 /* Ward_Card_GameUITestsLaunchTests.swift */ = {isa = PBXFileReference; lastKnownFileType = sourcecode.swift; path = Ward_Card_GameUITestsLaunchTests.swift; sourceTree = "<group>"; };
/* End PBXFileReference section */

/* Begin PBXFrameworksBuildPhase section */
		6BEB0B762C1CAC9800772F92 /* Frameworks */ = {
			isa = PBXFrameworksBuildPhase;
			buildActionMask = 2147483647;
			files = (
			);
			runOnlyForDeploymentPostprocessing = 0;
		};
		6BEB0B862C1CAC9900772F92 /* Frameworks */ = {
			isa = PBXFrameworksBuildPhase;
			buildActionMask = 2147483647;
			files = (
			);
			runOnlyForDeploymentPostprocessing = 0;
		};
		6BEB0B902C1CAC9900772F92 /* Frameworks */ = {
			isa = PBXFrameworksBuildPhase;
			buildActionMask = 2147483647;
			files = (
			);
			runOnlyForDeploymentPostprocessing = 0;
		};
/* End PBXFrameworksBuildPhase section */

/* Begin PBXGroup section */
		6BEB0B702C1CAC9800772F92 = {
			isa = PBXGroup;
			children = (
				6BEB0B7B2C1CAC9800772F92 /* Ward Card Game */,
				6BEB0B8C2C1CAC9900772F92 /* Ward Card GameTests */,
				6BEB0B962C1CAC9900772F92 /* Ward Card GameUITests */,
				6BEB0B7A2C1CAC9800772F92 /* Products */,
			);
			sourceTree = "<group>";
		};
		6BEB0B7A2C1CAC9800772F92 /* Products */ = {
			isa = PBXGroup;
			children = (
				6BEB0B792C1CAC9800772F92 /* Ward Card Game.app */,
				6BEB0B892C1CAC9900772F92 /* Ward Card GameTests.xctest */,
				6BEB0B932C1CAC9900772F92 /* Ward Card GameUITests.xctest */,
			);
			name = Products;
			sourceTree = "<group>";
		};
		6BEB0B7B2C1CAC9800772F92 /* Ward Card Game */ = {
			isa = PBXGroup;
			children = (
				6BEB0B7C2C1CAC9800772F92 /* Ward_Card_GameApp.swift */,
				6BEB0B7E2C1CAC9800772F92 /* ContentView.swift */,
				6BEB0B802C1CAC9800772F92 /* Assets.xcassets */,
				6BEB0B822C1CAC9800772F92 /* Preview Content */,
			);
			path = "Ward Card Game";
			sourceTree = "<group>";
		};
		6BEB0B822C1CAC9800772F92 /* Preview Content */ = {
			isa = PBXGroup;
			children = (
				6BEB0B832C1CAC9800772F92 /* Preview Assets.xcassets */,
			);
			path = "Preview Content";
			sourceTree = "<group>";
		};
		6BEB0B8C2C1CAC9900772F92 /* Ward Card GameTests */ = {
			isa = PBXGroup;
			children = (
				6BEB0B8D2C1CAC9900772F92 /* Ward_Card_GameTests.swift */,
			);
			path = "Ward Card GameTests";
			sourceTree = "<group>";
		};
		6BEB0B962C1CAC9900772F92 /* Ward Card GameUITests */ = {
			isa = PBXGroup;
			children = (
				6BEB0B972C1CAC9900772F92 /* Ward_Card_GameUITests.swift */,
				6BEB0B992C1CAC9900772F92 /* Ward_Card_GameUITestsLaunchTests.swift */,
			);
			path = "Ward Card GameUITests";
			sourceTree = "<group>";
		};
/* End PBXGroup section */

/* Begin PBXNativeTarget section */
		6BEB0B782C1CAC9800772F92 /* Ward Card Game */ = {
			isa = PBXNativeTarget;
			buildConfigurationList = 6BEB0B9D2C1CAC9900772F92 /* Build configuration list for PBXNativeTarget "Ward Card Game" */;
			buildPhases = (
				6BEB0B752C1CAC9800772F92 /* Sources */,
				6BEB0B762C1CAC9800772F92 /* Frameworks */,
				6BEB0B772C1CAC9800772F92 /* Resources */,
			);
			buildRules = (
			);
			dependencies = (
			);
			name = "Ward Card Game";
			productName = "Ward Card Game";
			productReference = 6BEB0B792C1CAC9800772F92 /* Ward Card Game.app */;
			productType = "com.apple.product-type.application";
		};
		6BEB0B882C1CAC9900772F92 /* Ward Card GameTests */ = {
			isa = PBXNativeTarget;
			buildConfigurationList = 6BEB0BA02C1CAC9900772F92 /* Build configuration list for PBXNativeTarget "Ward Card GameTests" */;
			buildPhases = (
				6BEB0B852C1CAC9900772F92 /* Sources */,
				6BEB0B862C1CAC9900772F92 /* Frameworks */,
				6BEB0B872C1CAC9900772F92 /* Resources */,
			);
			buildRules = (
			);
			dependencies = (
				6BEB0B8B2C1CAC9900772F92 /* PBXTargetDependency */,
			);
			name = "Ward Card GameTests";
			productName = "Ward Card GameTests";
			productReference = 6BEB0B892C1CAC9900772F92 /* Ward Card GameTests.xctest */;
			productType = "com.apple.product-type.bundle.unit-test";
		};
		6BEB0B922C1CAC9900772F92 /* Ward Card GameUITests */ = {
			isa = PBXNativeTarget;
			buildConfigurationList = 6BEB0BA32C1CAC9900772F92 /* Build configuration list for PBXNativeTarget "Ward Card GameUITests" */;
			buildPhases = (
				6BEB0B8F2C1CAC9900772F92 /* Sources */,
				6BEB0B902C1CAC9900772F92 /* Frameworks */,
				6BEB0B912C1CAC9900772F92 /* Resources */,
			);
			buildRules = (
			);
			dependencies = (
				6BEB0B952C1CAC9900772F92 /* PBXTargetDependency */,
			);
			name = "Ward Card GameUITests";
			productName = "Ward Card GameUITests";
			productReference = 6BEB0B932C1CAC9900772F92 /* Ward Card GameUITests.xctest */;
			productType = "com.apple.product-type.bundle.ui-testing";
		};
/* End PBXNativeTarget section */

/* Begin PBXProject section */
		6BEB0B712C1CAC9800772F92 /* Project object */ = {
			isa = PBXProject;
			attributes = {
				BuildIndependentTargetsInParallel = 1;
				LastSwiftUpdateCheck = 1540;
				LastUpgradeCheck = 1540;
				TargetAttributes = {
					6BEB0B782C1CAC9800772F92 = {
						CreatedOnToolsVersion = 15.4;
					};
					6BEB0B882C1CAC9900772F92 = {
						CreatedOnToolsVersion = 15.4;
						TestTargetID = 6BEB0B782C1CAC9800772F92;
					};
					6BEB0B922C1CAC9900772F92 = {
						CreatedOnToolsVersion = 15.4;
						TestTargetID = 6BEB0B782C1CAC9800772F92;
					};
				};
			};
			buildConfigurationList = 6BEB0B742C1CAC9800772F92 /* Build configuration list for PBXProject "Ward Card Game" */;
			compatibilityVersion = "Xcode 14.0";
			developmentRegion = en;
			hasScannedForEncodings = 0;
			knownRegions = (
				en,
				Base,
			);
			mainGroup = 6BEB0B702C1CAC9800772F92;
			productRefGroup = 6BEB0B7A2C1CAC9800772F92 /* Products */;
			projectDirPath = "";
			projectRoot = "";
			targets = (
				6BEB0B782C1CAC9800772F92 /* Ward Card Game */,
				6BEB0B882C1CAC9900772F92 /* Ward Card GameTests */,
				6BEB0B922C1CAC9900772F92 /* Ward Card GameUITests */,
			);
		};
/* End PBXProject section */

/* Begin PBXResourcesBuildPhase section */
		6BEB0B772C1CAC9800772F92 /* Resources */ = {
			isa = PBXResourcesBuildPhase;
			buildActionMask = 2147483647;
			files = (
				6BEB0B842C1CAC9800772F92 /* Preview Assets.xcassets in Resources */,
				6BEB0B812C1CAC9800772F92 /* Assets.xcassets in Resources */,
			);
			runOnlyForDeploymentPostprocessing = 0;
		};
		6BEB0B872C1CAC9900772F92 /* Resources */ = {
			isa = PBXResourcesBuildPhase;
			buildActionMask = 2147483647;
			files = (
			);
			runOnlyForDeploymentPostprocessing = 0;
		};
		6BEB0B912C1CAC9900772F92 /* Resources */ = {
			isa = PBXResourcesBuildPhase;
			buildActionMask = 2147483647;
			files = (
			);
			runOnlyForDeploymentPostprocessing = 0;
		};
/* End PBXResourcesBuildPhase section */

/* Begin PBXSourcesBuildPhase section */
		6BEB0B752C1CAC9800772F92 /* Sources */ = {
			isa = PBXSourcesBuildPhase;
			buildActionMask = 2147483647;
			files = (
				6BEB0B7F2C1CAC9800772F92 /* ContentView.swift in Sources */,
				6BEB0B7D2C1CAC9800772F92 /* Ward_Card_GameApp.swift in Sources */,
			);
			runOnlyForDeploymentPostprocessing = 0;
		};
		6BEB0B852C1CAC9900772F92 /* Sources */ = {
			isa = PBXSourcesBuildPhase;
			buildActionMask = 2147483647;
			files = (
				6BEB0B8E2C1CAC9900772F92 /* Ward_Card_GameTests.swift in Sources */,
			);
			runOnlyForDeploymentPostprocessing = 0;
		};
		6BEB0B8F2C1CAC9900772F92 /* Sources */ = {
			isa = PBXSourcesBuildPhase;
			buildActionMask = 2147483647;
			files = (
				6BEB0B9A2C1CAC9900772F92 /* Ward_Card_GameUITestsLaunchTests.swift in Sources */,
				6BEB0B982C1CAC9900772F92 /* Ward_Card_GameUITests.swift in Sources */,
			);
			runOnlyForDeploymentPostprocessing = 0;
		};
/* End PBXSourcesBuildPhase section */

/* Begin PBXTargetDependency section */
		6BEB0B8B2C1CAC9900772F92 /* PBXTargetDependency */ = {
			isa = PBXTargetDependency;
			target = 6BEB0B782C1CAC9800772F92 /* Ward Card Game */;
			targetProxy = 6BEB0B8A2C1CAC9900772F92 /* PBXContainerItemProxy */;
		};
		6BEB0B952C1CAC9900772F92 /* PBXTargetDependency */ = {
			isa = PBXTargetDependency;
			target = 6BEB0B782C1CAC9800772F92 /* Ward Card Game */;
			targetProxy = 6BEB0B942C1CAC9900772F92 /* PBXContainerItemProxy */;
		};
/* End PBXTargetDependency section */

/* Begin XCBuildConfiguration section */
		6BEB0B9B2C1CAC9900772F92 /* Debug */ = {
			isa = XCBuildConfiguration;
			buildSettings = {
				ALWAYS_SEARCH_USER_PATHS = NO;
				ASSETCATALOG_COMPILER_GENERATE_SWIFT_ASSET_SYMBOL_EXTENSIONS = YES;
				CLANG_ANALYZER_NONNULL = YES;
				CLANG_ANALYZER_NUMBER_OBJECT_CONVERSION = YES_AGGRESSIVE;
				CLANG_CXX_LANGUAGE_STANDARD = "gnu++20";
				CLANG_ENABLE_MODULES = YES;
				CLANG_ENABLE_OBJC_ARC = YES;
				CLANG_ENABLE_OBJC_WEAK = YES;
				CLANG_WARN_BLOCK_CAPTURE_AUTORELEASING = YES;
				CLANG_WARN_BOOL_CONVERSION = YES;
				CLANG_WARN_COMMA = YES;
				CLANG_WARN_CONSTANT_CONVERSION = YES;
				CLANG_WARN_DEPRECATED_OBJC_IMPLEMENTATIONS = YES;
				CLANG_WARN_DIRECT_OBJC_ISA_USAGE = YES_ERROR;
				CLANG_WARN_DOCUMENTATION_COMMENTS = YES;
				CLANG_WARN_EMPTY_BODY = YES;
				CLANG_WARN_ENUM_CONVERSION = YES;
				CLANG_WARN_INFINITE_RECURSION = YES;
				CLANG_WARN_INT_CONVERSION = YES;
				CLANG_WARN_NON_LITERAL_NULL_CONVERSION = YES;
				CLANG_WARN_OBJC_IMPLICIT_RETAIN_SELF = YES;
				CLANG_WARN_OBJC_LITERAL_CONVERSION = YES;
				CLANG_WARN_OBJC_ROOT_CLASS = YES_ERROR;
				CLANG_WARN_QUOTED_INCLUDE_IN_FRAMEWORK_HEADER = YES;
				CLANG_WARN_RANGE_LOOP_ANALYSIS = YES;
				CLANG_WARN_STRICT_PROTOTYPES = YES;
				CLANG_WARN_SUSPICIOUS_MOVE = YES;
				CLANG_WARN_UNGUARDED_AVAILABILITY = YES_AGGRESSIVE;
				CLANG_WARN_UNREACHABLE_CODE = YES;
				CLANG_WARN__DUPLICATE_METHOD_MATCH = YES;
				COPY_PHASE_STRIP = NO;
				DEBUG_INFORMATION_FORMAT = dwarf;
				ENABLE_STRICT_OBJC_MSGSEND = YES;
				ENABLE_TESTABILITY = YES;
				ENABLE_USER_SCRIPT_SANDBOXING = YES;
				GCC_C_LANGUAGE_STANDARD = gnu17;
				GCC_DYNAMIC_NO_PIC = NO;
				GCC_NO_COMMON_BLOCKS = YES;
				GCC_OPTIMIZATION_LEVEL = 0;
				GCC_PREPROCESSOR_DEFINITIONS = (
					"DEBUG=1",
					"$(inherited)",
				);
				GCC_WARN_64_TO_32_BIT_CONVERSION = YES;
				GCC_WARN_ABOUT_RETURN_TYPE = YES_ERROR;
				GCC_WARN_UNDECLARED_SELECTOR = YES;
				GCC_WARN_UNINITIALIZED_AUTOS = YES_AGGRESSIVE;
				GCC_WARN_UNUSED_FUNCTION = YES;
				GCC_WARN_UNUSED_VARIABLE = YES;
				IPHONEOS_DEPLOYMENT_TARGET = 17.5;
				LOCALIZATION_PREFERS_STRING_CATALOGS = YES;
				MTL_ENABLE_DEBUG_INFO = INCLUDE_SOURCE;
				MTL_FAST_MATH = YES;
				ONLY_ACTIVE_ARCH = YES;
				SDKROOT = iphoneos;
				SWIFT_ACTIVE_COMPILATION_CONDITIONS = "DEBUG $(inherited)";
				SWIFT_OPTIMIZATION_LEVEL = "-Onone";
			};
			name = Debug;
		};
		6BEB0B9C2C1CAC9900772F92 /* Release */ = {
			isa = XCBuildConfiguration;
			buildSettings = {
				ALWAYS_SEARCH_USER_PATHS = NO;
				ASSETCATALOG_COMPILER_GENERATE_SWIFT_ASSET_SYMBOL_EXTENSIONS = YES;
				CLANG_ANALYZER_NONNULL = YES;
				CLANG_ANALYZER_NUMBER_OBJECT_CONVERSION = YES_AGGRESSIVE;
				CLANG_CXX_LANGUAGE_STANDARD = "gnu++20";
				CLANG_ENABLE_MODULES = YES;
				CLANG_ENABLE_OBJC_ARC = YES;
				CLANG_ENABLE_OBJC_WEAK = YES;
				CLANG_WARN_BLOCK_CAPTURE_AUTORELEASING = YES;
				CLANG_WARN_BOOL_CONVERSION = YES;
				CLANG_WARN_COMMA = YES;
				CLANG_WARN_CONSTANT_CONVERSION = YES;
				CLANG_WARN_DEPRECATED_OBJC_IMPLEMENTATIONS = YES;
				CLANG_WARN_DIRECT_OBJC_ISA_USAGE = YES_ERROR;
				CLANG_WARN_DOCUMENTATION_COMMENTS = YES;
				CLANG_WARN_EMPTY_BODY = YES;
				CLANG_WARN_ENUM_CONVERSION = YES;
				CLANG_WARN_INFINITE_RECURSION = YES;
				CLANG_WARN_INT_CONVERSION = YES;
				CLANG_WARN_NON_LITERAL_NULL_CONVERSION = YES;
				CLANG_WARN_OBJC_IMPLICIT_RETAIN_SELF = YES;
				CLANG_WARN_OBJC_LITERAL_CONVERSION = YES;
				CLANG_WARN_OBJC_ROOT_CLASS = YES_ERROR;
				CLANG_WARN_QUOTED_INCLUDE_IN_FRAMEWORK_HEADER = YES;
				CLANG_WARN_RANGE_LOOP_ANALYSIS = YES;
				CLANG_WARN_STRICT_PROTOTYPES = YES;
				CLANG_WARN_SUSPICIOUS_MOVE = YES;
				CLANG_WARN_UNGUARDED_AVAILABILITY = YES_AGGRESSIVE;
				CLANG_WARN_UNREACHABLE_CODE = YES;
				CLANG_WARN__DUPLICATE_METHOD_MATCH = YES;
				COPY_PHASE_STRIP = NO;
				DEBUG_INFORMATION_FORMAT = "dwarf-with-dsym";
				ENABLE_NS_ASSERTIONS = NO;
				ENABLE_STRICT_OBJC_MSGSEND = YES;
				ENABLE_USER_SCRIPT_SANDBOXING = YES;
				GCC_C_LANGUAGE_STANDARD = gnu17;
				GCC_NO_COMMON_BLOCKS = YES;
				GCC_WARN_64_TO_32_BIT_CONVERSION = YES;
				GCC_WARN_ABOUT_RETURN_TYPE = YES_ERROR;
				GCC_WARN_UNDECLARED_SELECTOR = YES;
				GCC_WARN_UNINITIALIZED_AUTOS = YES_AGGRESSIVE;
				GCC_WARN_UNUSED_FUNCTION = YES;
				GCC_WARN_UNUSED_VARIABLE = YES;
				IPHONEOS_DEPLOYMENT_TARGET = 17.5;
				LOCALIZATION_PREFERS_STRING_CATALOGS = YES;
				MTL_ENABLE_DEBUG_INFO = NO;
				MTL_FAST_MATH = YES;
				SDKROOT = iphoneos;
				SWIFT_COMPILATION_MODE = wholemodule;
				VALIDATE_PRODUCT = YES;
			};
			name = Release;
		};
		6BEB0B9E2C1CAC9900772F92 /* Debug */ = {
			isa = XCBuildConfiguration;
			buildSettings = {
				ASSETCATALOG_COMPILER_APPICON_NAME = AppIcon;
				ASSETCATALOG_COMPILER_GLOBAL_ACCENT_COLOR_NAME = AccentColor;
				CODE_SIGN_STYLE = Automatic;
				CURRENT_PROJECT_VERSION = 1;
				DEVELOPMENT_ASSET_PATHS = "\"Ward Card Game/Preview Content\"";
				ENABLE_PREVIEWS = YES;
				GENERATE_INFOPLIST_FILE = YES;
				INFOPLIST_KEY_UIApplicationSceneManifest_Generation = YES;
				INFOPLIST_KEY_UIApplicationSupportsIndirectInputEvents = YES;
				INFOPLIST_KEY_UILaunchScreen_Generation = YES;
				INFOPLIST_KEY_UISupportedInterfaceOrientations_iPad = "UIInterfaceOrientationPortrait UIInterfaceOrientationPortraitUpsideDown UIInterfaceOrientationLandscapeLeft UIInterfaceOrientationLandscapeRight";
				INFOPLIST_KEY_UISupportedInterfaceOrientations_iPhone = "UIInterfaceOrientationPortrait UIInterfaceOrientationLandscapeLeft UIInterfaceOrientationLandscapeRight";
				LD_RUNPATH_SEARCH_PATHS = (
					"$(inherited)",
					"@executable_path/Frameworks",
				);
				MARKETING_VERSION = 1.0;
				PRODUCT_BUNDLE_IDENTIFIER = "come.codewithdinok.Ward-Card-Game";
				PRODUCT_NAME = "$(TARGET_NAME)";
				SWIFT_EMIT_LOC_STRINGS = YES;
				SWIFT_VERSION = 5.0;
				TARGETED_DEVICE_FAMILY = "1,2";
			};
			name = Debug;
		};
		6BEB0B9F2C1CAC9900772F92 /* Release */ = {
			isa = XCBuildConfiguration;
			buildSettings = {
				ASSETCATALOG_COMPILER_APPICON_NAME = AppIcon;
				ASSETCATALOG_COMPILER_GLOBAL_ACCENT_COLOR_NAME = AccentColor;
				CODE_SIGN_STYLE = Automatic;
				CURRENT_PROJECT_VERSION = 1;
				DEVELOPMENT_ASSET_PATHS = "\"Ward Card Game/Preview Content\"";
				ENABLE_PREVIEWS = YES;
				GENERATE_INFOPLIST_FILE = YES;
				INFOPLIST_KEY_UIApplicationSceneManifest_Generation = YES;
				INFOPLIST_KEY_UIApplicationSupportsIndirectInputEvents = YES;
				INFOPLIST_KEY_UILaunchScreen_Generation = YES;
				INFOPLIST_KEY_UISupportedInterfaceOrientations_iPad = "UIInterfaceOrientationPortrait UIInterfaceOrientationPortraitUpsideDown UIInterfaceOrientationLandscapeLeft UIInterfaceOrientationLandscapeRight";
				INFOPLIST_KEY_UISupportedInterfaceOrientations_iPhone = "UIInterfaceOrientationPortrait UIInterfaceOrientationLandscapeLeft UIInterfaceOrientationLandscapeRight";
				LD_RUNPATH_SEARCH_PATHS = (
					"$(inherited)",
					"@executable_path/Frameworks",
				);
				MARKETING_VERSION = 1.0;
				PRODUCT_BUNDLE_IDENTIFIER = "come.codewithdinok.Ward-Card-Game";
				PRODUCT_NAME = "$(TARGET_NAME)";
				SWIFT_EMIT_LOC_STRINGS = YES;
				SWIFT_VERSION = 5.0;
				TARGETED_DEVICE_FAMILY = "1,2";
			};
			name = Release;
		};
		6BEB0BA12C1CAC9900772F92 /* Debug */ = {
			isa = XCBuildConfiguration;
			buildSettings = {
				ALWAYS_EMBED_SWIFT_STANDARD_LIBRARIES = YES;
				BUNDLE_LOADER = "$(TEST_HOST)";
				CODE_SIGN_STYLE = Automatic;
				CURRENT_PROJECT_VERSION = 1;
				GENERATE_INFOPLIST_FILE = YES;
				IPHONEOS_DEPLOYMENT_TARGET = 17.5;
				MARKETING_VERSION = 1.0;
				PRODUCT_BUNDLE_IDENTIFIER = "come.codewithdinok.Ward-Card-GameTests";
				PRODUCT_NAME = "$(TARGET_NAME)";
				SWIFT_EMIT_LOC_STRINGS = NO;
				SWIFT_VERSION = 5.0;
				TARGETED_DEVICE_FAMILY = "1,2";
				TEST_HOST = "$(BUILT_PRODUCTS_DIR)/Ward Card Game.app/$(BUNDLE_EXECUTABLE_FOLDER_PATH)/Ward Card Game";
			};
			name = Debug;
		};
		6BEB0BA22C1CAC9900772F92 /* Release */ = {
			isa = XCBuildConfiguration;
			buildSettings = {
				ALWAYS_EMBED_SWIFT_STANDARD_LIBRARIES = YES;
				BUNDLE_LOADER = "$(TEST_HOST)";
				CODE_SIGN_STYLE = Automatic;
				CURRENT_PROJECT_VERSION = 1;
				GENERATE_INFOPLIST_FILE = YES;
				IPHONEOS_DEPLOYMENT_TARGET = 17.5;
				MARKETING_VERSION = 1.0;
				PRODUCT_BUNDLE_IDENTIFIER = "come.codewithdinok.Ward-Card-GameTests";
				PRODUCT_NAME = "$(TARGET_NAME)";
				SWIFT_EMIT_LOC_STRINGS = NO;
				SWIFT_VERSION = 5.0;
				TARGETED_DEVICE_FAMILY = "1,2";
				TEST_HOST = "$(BUILT_PRODUCTS_DIR)/Ward Card Game.app/$(BUNDLE_EXECUTABLE_FOLDER_PATH)/Ward Card Game";
			};
			name = Release;
		};
		6BEB0BA42C1CAC9900772F92 /* Debug */ = {
			isa = XCBuildConfiguration;
			buildSettings = {
				ALWAYS_EMBED_SWIFT_STANDARD_LIBRARIES = YES;
				CODE_SIGN_STYLE = Automatic;
				CURRENT_PROJECT_VERSION = 1;
				GENERATE_INFOPLIST_FILE = YES;
				MARKETING_VERSION = 1.0;
				PRODUCT_BUNDLE_IDENTIFIER = "come.codewithdinok.Ward-Card-GameUITests";
				PRODUCT_NAME = "$(TARGET_NAME)";
				SWIFT_EMIT_LOC_STRINGS = NO;
				SWIFT_VERSION = 5.0;
				TARGETED_DEVICE_FAMILY = "1,2";
				TEST_TARGET_NAME = "Ward Card Game";
			};
			name = Debug;
		};
		6BEB0BA52C1CAC9900772F92 /* Release */ = {
			isa = XCBuildConfiguration;
			buildSettings = {
				ALWAYS_EMBED_SWIFT_STANDARD_LIBRARIES = YES;
				CODE_SIGN_STYLE = Automatic;
				CURRENT_PROJECT_VERSION = 1;
				GENERATE_INFOPLIST_FILE = YES;
				MARKETING_VERSION = 1.0;
				PRODUCT_BUNDLE_IDENTIFIER = "come.codewithdinok.Ward-Card-GameUITests";
				PRODUCT_NAME = "$(TARGET_NAME)";
				SWIFT_EMIT_LOC_STRINGS = NO;
				SWIFT_VERSION = 5.0;
				TARGETED_DEVICE_FAMILY = "1,2";
				TEST_TARGET_NAME = "Ward Card Game";
			};
			name = Release;
		};
/* End XCBuildConfiguration section */

/* Begin XCConfigurationList section */
		6BEB0B742C1CAC9800772F92 /* Build configuration list for PBXProject "Ward Card Game" */ = {
			isa = XCConfigurationList;
			buildConfigurations = (
				6BEB0B9B2C1CAC9900772F92 /* Debug */,
				6BEB0B9C2C1CAC9900772F92 /* Release */,
			);
			defaultConfigurationIsVisible = 0;
			defaultConfigurationName = Release;
		};
		6BEB0B9D2C1CAC9900772F92 /* Build configuration list for PBXNativeTarget "Ward Card Game" */ = {
			isa = XCConfigurationList;
			buildConfigurations = (
				6BEB0B9E2C1CAC9900772F92 /* Debug */,
				6BEB0B9F2C1CAC9900772F92 /* Release */,
			);
			defaultConfigurationIsVisible = 0;
			defaultConfigurationName = Release;
		};
		6BEB0BA02C1CAC9900772F92 /* Build configuration list for PBXNativeTarget "Ward Card GameTests" */ = {
			isa = XCConfigurationList;
			buildConfigurations = (
				6BEB0BA12C1CAC9900772F92 /* Debug */,
				6BEB0BA22C1CAC9900772F92 /* Release */,
			);
			defaultConfigurationIsVisible = 0;
			defaultConfigurationName = Release;
		};
		6BEB0BA32C1CAC9900772F92 /* Build configuration list for PBXNativeTarget "Ward Card GameUITests" */ = {
			isa = XCConfigurationList;
			buildConfigurations = (
				6BEB0BA42C1CAC9900772F92 /* Debug */,
				6BEB0BA52C1CAC9900772F92 /* Release */,
			);
			defaultConfigurationIsVisible = 0;
			defaultConfigurationName = Release;
		};
/* End XCConfigurationList section */
	};
	rootObject = 6BEB0B712C1CAC9800772F92 /* Project object */;
}
